// !$*UTF8*$!
{
	archiveVersion = 1;
	classes = {
	};
	objectVersion = 77;
	objects = {

/* Begin PBXContainerItemProxy section */
		2199F98C2F8ADC750017FB4F /* PBXContainerItemProxy */ = {
			isa = PBXContainerItemProxy;
			containerPortal = 2199F9722F8ADC720017FB4F /* Project object */;
			proxyType = 1;
			remoteGlobalIDString = 2199F9792F8ADC730017FB4F;
			remoteInfo = "Task Manager";
		};
		2199F9962F8ADC750017FB4F /* PBXContainerItemProxy */ = {
			isa = PBXContainerItemProxy;
			containerPortal = 2199F9722F8ADC720017FB4F /* Project object */;
			proxyType = 1;
			remoteGlobalIDString = 2199F9792F8ADC730017FB4F;
			remoteInfo = "Task Manager";
		};
/* End PBXContainerItemProxy section */

/* Begin PBXFileReference section */
		2199F97A2F8ADC730017FB4F /* Task Manager.app */ = {isa = PBXFileReference; explicitFileType = wrapper.application; includeInIndex = 0; path = "Task Manager.app"; sourceTree = BUILT_PRODUCTS_DIR; };
		2199F98B2F8ADC750017FB4F /* Task ManagerTests.xctest */ = {isa = PBXFileReference; explicitFileType = wrapper.cfbundle; includeInIndex = 0; path = "Task ManagerTests.xctest"; sourceTree = BUILT_PRODUCTS_DIR; };
		2199F9952F8ADC750017FB4F /* Task ManagerUITests.xctest */ = {isa = PBXFileReference; explicitFileType = wrapper.cfbundle; includeInIndex = 0; path = "Task ManagerUITests.xctest"; sourceTree = BUILT_PRODUCTS_DIR; };
/* End PBXFileReference section */

/* Begin PBXFileSystemSynchronizedRootGroup section */
		2199F97C2F8ADC730017FB4F /* Task Manager */ = {
			isa = PBXFileSystemSynchronizedRootGroup;
			path = "Task Manager";
			sourceTree = "<group>";
		};
		2199F98E2F8ADC750017FB4F /* Task ManagerTests */ = {
			isa = PBXFileSystemSynchronizedRootGroup;
			path = "Task ManagerTests";
			sourceTree = "<group>";
		};
		2199F9982F8ADC750017FB4F /* Task ManagerUITests */ = {
			isa = PBXFileSystemSynchronizedRootGroup;
			path = "Task ManagerUITests";
			sourceTree = "<group>";
		};
/* End PBXFileSystemSynchronizedRootGroup section */

/* Begin PBXFrameworksBuildPhase section */
		2199F9772F8ADC730017FB4F /* Frameworks */ = {
			isa = PBXFrameworksBuildPhase;
			buildActionMask = 2147483647;
			files = (
			);
			runOnlyForDeploymentPostprocessing = 0;
		};
		2199F9882F8ADC750017FB4F /* Frameworks */ = {
			isa = PBXFrameworksBuildPhase;
			buildActionMask = 2147483647;
			files = (
			);
			runOnlyForDeploymentPostprocessing = 0;
		};
		2199F9922F8ADC750017FB4F /* Frameworks */ = {
			isa = PBXFrameworksBuildPhase;
			buildActionMask = 2147483647;
			files = (
			);
			runOnlyForDeploymentPostprocessing = 0;
		};
/* End PBXFrameworksBuildPhase section */

/* Begin PBXGroup section */
		2199F9712F8ADC720017FB4F = {
			isa = PBXGroup;
			children = (
				2199F97C2F8ADC730017FB4F /* Task Manager */,
				2199F98E2F8ADC750017FB4F /* Task ManagerTests */,
				2199F9982F8ADC750017FB4F /* Task ManagerUITests */,
				2199FA132F8C148B0017FB4F /* Frameworks */,
				2199F97B2F8ADC730017FB4F /* Products */,
			);
			sourceTree = "<group>";
		};
		2199F97B2F8ADC730017FB4F /* Products */ = {
			isa = PBXGroup;
			children = (
				2199F97A2F8ADC730017FB4F /* Task Manager.app */,
				2199F98B2F8ADC750017FB4F /* Task ManagerTests.xctest */,
				2199F9952F8ADC750017FB4F /* Task ManagerUITests.xctest */,
			);
			name = Products;
			sourceTree = "<group>";
		};
		2199FA132F8C148B0017FB4F /* Frameworks */ = {
			isa = PBXGroup;
			children = (
			);
			name = Frameworks;
			sourceTree = "<group>";
		};
/* End PBXGroup section */

/* Begin PBXNativeTarget section */
		2199F9792F8ADC730017FB4F /* Task Manager */ = {
			isa = PBXNativeTarget;
			buildConfigurationList = 2199F99F2F8ADC750017FB4F /* Build configuration list for PBXNativeTarget "Task Manager" */;
			buildPhases = (
				2199F9762F8ADC730017FB4F /* Sources */,
				2199F9772F8ADC730017FB4F /* Frameworks */,
				2199F9782F8ADC730017FB4F /* Resources */,
			);
			buildRules = (
			);
			dependencies = (
			);
			fileSystemSynchronizedGroups = (
				2199F97C2F8ADC730017FB4F /* Task Manager */,
			);
			name = "Task Manager";
			packageProductDependencies = (
			);
			productName = "Task Manager";
			productReference = 2199F97A2F8ADC730017FB4F /* Task Manager.app */;
			productType = "com.apple.product-type.application";
		};
		2199F98A2F8ADC750017FB4F /* Task ManagerTests */ = {
			isa = PBXNativeTarget;
			buildConfigurationList = 2199F9A22F8ADC750017FB4F /* Build configuration list for PBXNativeTarget "Task ManagerTests" */;
			buildPhases = (
				2199F9872F8ADC750017FB4F /* Sources */,
				2199F9882F8ADC750017FB4F /* Frameworks */,
				2199F9892F8ADC750017FB4F /* Resources */,
			);
			buildRules = (
			);
			dependencies = (
				2199F98D2F8ADC750017FB4F /* PBXTargetDependency */,
			);
			fileSystemSynchronizedGroups = (
				2199F98E2F8ADC750017FB4F /* Task ManagerTests */,
			);
			name = "Task ManagerTests";
			packageProductDependencies = (
			);
			productName = "Task ManagerTests";
			productReference = 2199F98B2F8ADC750017FB4F /* Task ManagerTests.xctest */;
			productType = "com.apple.product-type.bundle.unit-test";
		};
		2199F9942F8ADC750017FB4F /* Task ManagerUITests */ = {
			isa = PBXNativeTarget;
			buildConfigurationList = 2199F9A52F8ADC750017FB4F /* Build configuration list for PBXNativeTarget "Task ManagerUITests" */;
			buildPhases = (
				2199F9912F8ADC750017FB4F /* Sources */,
				2199F9922F8ADC750017FB4F /* Frameworks */,
				2199F9932F8ADC750017FB4F /* Resources */,
			);
			buildRules = (
			);
			dependencies = (
				2199F9972F8ADC750017FB4F /* PBXTargetDependency */,
			);
			fileSystemSynchronizedGroups = (
				2199F9982F8ADC750017FB4F /* Task ManagerUITests */,
			);
			name = "Task ManagerUITests";
			packageProductDependencies = (
			);
			productName = "Task ManagerUITests";
			productReference = 2199F9952F8ADC750017FB4F /* Task ManagerUITests.xctest */;
			productType = "com.apple.product-type.bundle.ui-testing";
		};
/* End PBXNativeTarget section */

/* Begin PBXProject section */
		2199F9722F8ADC720017FB4F /* Project object */ = {
			isa = PBXProject;
			attributes = {
				BuildIndependentTargetsInParallel = 1;
				LastSwiftUpdateCheck = 1620;
				LastUpgradeCheck = 1620;
				TargetAttributes = {
					2199F9792F8ADC730017FB4F = {
						CreatedOnToolsVersion = 16.2;
					};
					2199F98A2F8ADC750017FB4F = {
						CreatedOnToolsVersion = 16.2;
						TestTargetID = 2199F9792F8ADC730017FB4F;
					};
					2199F9942F8ADC750017FB4F = {
						CreatedOnToolsVersion = 16.2;
						TestTargetID = 2199F9792F8ADC730017FB4F;
					};
				};
			};
			buildConfigurationList = 2199F9752F8ADC720017FB4F /* Build configuration list for PBXProject "Task Manager" */;
			developmentRegion = en;
			hasScannedForEncodings = 0;
			knownRegions = (
				en,
				Base,
			);
			mainGroup = 2199F9712F8ADC720017FB4F;
			minimizedProjectReferenceProxies = 1;
			packageReferences = (
			);
			preferredProjectObjectVersion = 77;
			productRefGroup = 2199F97B2F8ADC730017FB4F /* Products */;
			projectDirPath = "";
			projectRoot = "";
			targets = (
				2199F9792F8ADC730017FB4F /* Task Manager */,
				2199F98A2F8ADC750017FB4F /* Task ManagerTests */,
				2199F9942F8ADC750017FB4F /* Task ManagerUITests */,
			);
		};
/* End PBXProject section */

/* Begin PBXResourcesBuildPhase section */
		2199F9782F8ADC730017FB4F /* Resources */ = {
			isa = PBXResourcesBuildPhase;
			buildActionMask = 2147483647;
			files = (
			);
			runOnlyForDeploymentPostprocessing = 0;
		};
		2199F9892F8ADC750017FB4F /* Resources */ = {
			isa = PBXResourcesBuildPhase;
			buildActionMask = 2147483647;
			files = (
			);
			runOnlyForDeploymentPostprocessing = 0;
		};
		2199F9932F8ADC750017FB4F /* Resources */ = {
			isa = PBXResourcesBuildPhase;
			buildActionMask = 2147483647;
			files = (
			);
			runOnlyForDeploymentPostprocessing = 0;
		};
/* End PBXResourcesBuildPhase section */

/* Begin PBXSourcesBuildPhase section */
		2199F9762F8ADC730017FB4F /* Sources */ = {
			isa = PBXSourcesBuildPhase;
			buildActionMask = 2147483647;
			files = (
			);
			runOnlyForDeploymentPostprocessing = 0;
		};
		2199F9872F8ADC750017FB4F /* Sources */ = {
			isa = PBXSourcesBuildPhase;
			buildActionMask = 2147483647;
			files = (
			);
			runOnlyForDeploymentPostprocessing = 0;
		};
		2199F9912F8ADC750017FB4F /* Sources */ = {
			isa = PBXSourcesBuildPhase;
			buildActionMask = 2147483647;
			files = (
			);
			runOnlyForDeploymentPostprocessing = 0;
		};
/* End PBXSourcesBuildPhase section */

/* Begin PBXTargetDependency section */
		2199F98D2F8ADC750017FB4F /* PBXTargetDependency */ = {
			isa = PBXTargetDependency;
			target = 2199F9792F8ADC730017FB4F /* Task Manager */;
			targetProxy = 2199F98C2F8ADC750017FB4F /* PBXContainerItemProxy */;
		};
		2199F9972F8ADC750017FB4F /* PBXTargetDependency */ = {
			isa = PBXTargetDependency;
			target = 2199F9792F8ADC730017FB4F /* Task Manager */;
			targetProxy = 2199F9962F8ADC750017FB4F /* PBXContainerItemProxy */;
		};
/* End PBXTargetDependency section */

/* Begin XCBuildConfiguration section */
		2199F99D2F8ADC750017FB4F /* Debug */ = {
			isa = XCBuildConfiguration;
			buildSettings = {
				ALWAYS_SEARCH_USER_PATHS = NO;
				ASSETCATALOG_COMPILER_GENERATE_SWIFT_ASSET_SYMBOL_EXTENSIONS = YES;
				CLANG_ANALYZER_NONNULL = YES;
				CLANG_ANALYZER_NUMBER_OBJECT_CONVERSION = YES_AGGRESSIVE;
				CLANG_CXX_LANGUAGE_STANDARD = "gnu++20";
				CLANG_ENABLE_MODULES = YES;
				CLANG_ENABLE_OBJC_ARC = YES;
				CLANG_ENABLE_OBJC_WEAK = YES;
				CLANG_WARN_BLOCK_CAPTURE_AUTORELEASING = YES;
				CLANG_WARN_BOOL_CONVERSION = YES;
				CLANG_WARN_COMMA = YES;
				CLANG_WARN_CONSTANT_CONVERSION = YES;
				CLANG_WARN_DEPRECATED_OBJC_IMPLEMENTATIONS = YES;
				CLANG_WARN_DIRECT_OBJC_ISA_USAGE = YES_ERROR;
				CLANG_WARN_DOCUMENTATION_COMMENTS = YES;
				CLANG_WARN_EMPTY_BODY = YES;
				CLANG_WARN_ENUM_CONVERSION = YES;
				CLANG_WARN_INFINITE_RECURSION = YES;
				CLANG_WARN_INT_CONVERSION = YES;
				CLANG_WARN_NON_LITERAL_NULL_CONVERSION = YES;
				CLANG_WARN_OBJC_IMPLICIT_RETAIN_SELF = YES;
				CLANG_WARN_OBJC_LITERAL_CONVERSION = YES;
				CLANG_WARN_OBJC_ROOT_CLASS = YES_ERROR;
				CLANG_WARN_QUOTED_INCLUDE_IN_FRAMEWORK_HEADER = YES;
				CLANG_WARN_RANGE_LOOP_ANALYSIS = YES;
				CLANG_WARN_STRICT_PROTOTYPES = YES;
				CLANG_WARN_SUSPICIOUS_MOVE = YES;
				CLANG_WARN_UNGUARDED_AVAILABILITY = YES_AGGRESSIVE;
				CLANG_WARN_UNREACHABLE_CODE = YES;
				CLANG_WARN__DUPLICATE_METHOD_MATCH = YES;
				COPY_PHASE_STRIP = NO;
				DEBUG_INFORMATION_FORMAT = dwarf;
				ENABLE_STRICT_OBJC_MSGSEND = YES;
				ENABLE_TESTABILITY = YES;
				ENABLE_USER_SCRIPT_SANDBOXING = YES;
				GCC_C_LANGUAGE_STANDARD = gnu17;
				GCC_DYNAMIC_NO_PIC = NO;
				GCC_NO_COMMON_BLOCKS = YES;
				GCC_OPTIMIZATION_LEVEL = 0;
				GCC_PREPROCESSOR_DEFINITIONS = (
					"DEBUG=1",
					"$(inherited)",
				);
				GCC_WARN_64_TO_32_BIT_CONVERSION = YES;
				GCC_WARN_ABOUT_RETURN_TYPE = YES_ERROR;
				GCC_WARN_UNDECLARED_SELECTOR = YES;
				GCC_WARN_UNINITIALIZED_AUTOS = YES_AGGRESSIVE;
				GCC_WARN_UNUSED_FUNCTION = YES;
				GCC_WARN_UNUSED_VARIABLE = YES;
				LOCALIZATION_PREFERS_STRING_CATALOGS = YES;
				MACOSX_DEPLOYMENT_TARGET = 15.0;
				MTL_ENABLE_DEBUG_INFO = INCLUDE_SOURCE;
				MTL_FAST_MATH = YES;
				ONLY_ACTIVE_ARCH = YES;
				SDKROOT = macosx;
				SWIFT_ACTIVE_COMPILATION_CONDITIONS = "DEBUG $(inherited)";
				SWIFT_OPTIMIZATION_LEVEL = "-Onone";
			};
			name = Debug;
		};
		2199F99E2F8ADC750017FB4F /* Release */ = {
			isa = XCBuildConfiguration;
			buildSettings = {
				ALWAYS_SEARCH_USER_PATHS = NO;
				ASSETCATALOG_COMPILER_GENERATE_SWIFT_ASSET_SYMBOL_EXTENSIONS = YES;
				CLANG_ANALYZER_NONNULL = YES;
				CLANG_ANALYZER_NUMBER_OBJECT_CONVERSION = YES_AGGRESSIVE;
				CLANG_CXX_LANGUAGE_STANDARD = "gnu++20";
				CLANG_ENABLE_MODULES = YES;
				CLANG_ENABLE_OBJC_ARC = YES;
				CLANG_ENABLE_OBJC_WEAK = YES;
				CLANG_WARN_BLOCK_CAPTURE_AUTORELEASING = YES;
				CLANG_WARN_BOOL_CONVERSION = YES;
				CLANG_WARN_COMMA = YES;
				CLANG_WARN_CONSTANT_CONVERSION = YES;
				CLANG_WARN_DEPRECATED_OBJC_IMPLEMENTATIONS = YES;
				CLANG_WARN_DIRECT_OBJC_ISA_USAGE = YES_ERROR;
				CLANG_WARN_DOCUMENTATION_COMMENTS = YES;
				CLANG_WARN_EMPTY_BODY = YES;
				CLANG_WARN_ENUM_CONVERSION = YES;
				CLANG_WARN_INFINITE_RECURSION = YES;
				CLANG_WARN_INT_CONVERSION = YES;
				CLANG_WARN_NON_LITERAL_NULL_CONVERSION = YES;
				CLANG_WARN_OBJC_IMPLICIT_RETAIN_SELF = YES;
				CLANG_WARN_OBJC_LITERAL_CONVERSION = YES;
				CLANG_WARN_OBJC_ROOT_CLASS = YES_ERROR;
				CLANG_WARN_QUOTED_INCLUDE_IN_FRAMEWORK_HEADER = YES;
				CLANG_WARN_RANGE_LOOP_ANALYSIS = YES;
				CLANG_WARN_STRICT_PROTOTYPES = YES;
				CLANG_WARN_SUSPICIOUS_MOVE = YES;
				CLANG_WARN_UNGUARDED_AVAILABILITY = YES_AGGRESSIVE;
				CLANG_WARN_UNREACHABLE_CODE = YES;
				CLANG_WARN__DUPLICATE_METHOD_MATCH = YES;
				COPY_PHASE_STRIP = NO;
				DEBUG_INFORMATION_FORMAT = "dwarf-with-dsym";
				ENABLE_NS_ASSERTIONS = NO;
				ENABLE_STRICT_OBJC_MSGSEND = YES;
				ENABLE_USER_SCRIPT_SANDBOXING = YES;
				GCC_C_LANGUAGE_STANDARD = gnu17;
				GCC_NO_COMMON_BLOCKS = YES;
				GCC_WARN_64_TO_32_BIT_CONVERSION = YES;
				GCC_WARN_ABOUT_RETURN_TYPE = YES_ERROR;
				GCC_WARN_UNDECLARED_SELECTOR = YES;
				GCC_WARN_UNINITIALIZED_AUTOS = YES_AGGRESSIVE;
				GCC_WARN_UNUSED_FUNCTION = YES;
				GCC_WARN_UNUSED_VARIABLE = YES;
				LOCALIZATION_PREFERS_STRING_CATALOGS = YES;
				MACOSX_DEPLOYMENT_TARGET = 15.0;
				MTL_ENABLE_DEBUG_INFO = NO;
				MTL_FAST_MATH = YES;
				SDKROOT = macosx;
				SWIFT_COMPILATION_MODE = wholemodule;
			};
			name = Release;
		};
		2199F9A02F8ADC750017FB4F /* Debug */ = {
			isa = XCBuildConfiguration;
			buildSettings = {
				ASSETCATALOG_COMPILER_APPICON_NAME = AppIcon;
				ASSETCATALOG_COMPILER_GLOBAL_ACCENT_COLOR_NAME = AccentColor;
				CODE_SIGN_ENTITLEMENTS = "Task Manager/Task_Manager.entitlements";
				CODE_SIGN_STYLE = Automatic;
				COMBINE_HIDPI_IMAGES = YES;
				CURRENT_PROJECT_VERSION = 1;
				DEVELOPMENT_ASSET_PATHS = "\"Task Manager/Preview Content\"";
				ENABLE_PREVIEWS = YES;
				GENERATE_INFOPLIST_FILE = YES;
				INFOPLIST_KEY_NSHumanReadableCopyright = "";
				LD_RUNPATH_SEARCH_PATHS = (
					"$(inherited)",
					"@executable_path/../Frameworks",
				);
				MARKETING_VERSION = 1.0;
				PRODUCT_BUNDLE_IDENTIFIER = "raalquicer-up.edu.ph.Task-Manager";
				PRODUCT_NAME = "$(TARGET_NAME)";
				SWIFT_EMIT_LOC_STRINGS = YES;
				SWIFT_VERSION = 5.0;
			};
			name = Debug;
		};
		2199F9A12F8ADC750017FB4F /* Release */ = {
			isa = XCBuildConfiguration;
			buildSettings = {
				ASSETCATALOG_COMPILER_APPICON_NAME = AppIcon;
				ASSETCATALOG_COMPILER_GLOBAL_ACCENT_COLOR_NAME = AccentColor;
				CODE_SIGN_ENTITLEMENTS = "Task Manager/Task_Manager.entitlements";
				CODE_SIGN_STYLE = Automatic;
				COMBINE_HIDPI_IMAGES = YES;
				CURRENT_PROJECT_VERSION = 1;
				DEVELOPMENT_ASSET_PATHS = "\"Task Manager/Preview Content\"";
				ENABLE_PREVIEWS = YES;
				GENERATE_INFOPLIST_FILE = YES;
				INFOPLIST_KEY_NSHumanReadableCopyright = "";
				LD_RUNPATH_SEARCH_PATHS = (
					"$(inherited)",
					"@executable_path/../Frameworks",
				);
				MARKETING_VERSION = 1.0;
				PRODUCT_BUNDLE_IDENTIFIER = "raalquicer-up.edu.ph.Task-Manager";
				PRODUCT_NAME = "$(TARGET_NAME)";
				SWIFT_EMIT_LOC_STRINGS = YES;
				SWIFT_VERSION = 5.0;
			};
			name = Release;
		};
		2199F9A32F8ADC750017FB4F /* Debug */ = {
			isa = XCBuildConfiguration;
			buildSettings = {
				BUNDLE_LOADER = "$(TEST_HOST)";
				CODE_SIGN_STYLE = Automatic;
				CURRENT_PROJECT_VERSION = 1;
				GENERATE_INFOPLIST_FILE = YES;
				MACOSX_DEPLOYMENT_TARGET = 15.0;
				MARKETING_VERSION = 1.0;
				PRODUCT_BUNDLE_IDENTIFIER = "raalquicer-up.edu.ph.Task-ManagerTests";
				PRODUCT_NAME = "$(TARGET_NAME)";
				SWIFT_EMIT_LOC_STRINGS = NO;
				SWIFT_VERSION = 5.0;
				TEST_HOST = "$(BUILT_PRODUCTS_DIR)/Task Manager.app/$(BUNDLE_EXECUTABLE_FOLDER_PATH)/Task Manager";
			};
			name = Debug;
		};
		2199F9A42F8ADC750017FB4F /* Release */ = {
			isa = XCBuildConfiguration;
			buildSettings = {
				BUNDLE_LOADER = "$(TEST_HOST)";
				CODE_SIGN_STYLE = Automatic;
				CURRENT_PROJECT_VERSION = 1;
				GENERATE_INFOPLIST_FILE = YES;
				MACOSX_DEPLOYMENT_TARGET = 15.0;
				MARKETING_VERSION = 1.0;
				PRODUCT_BUNDLE_IDENTIFIER = "raalquicer-up.edu.ph.Task-ManagerTests";
				PRODUCT_NAME = "$(TARGET_NAME)";
				SWIFT_EMIT_LOC_STRINGS = NO;
				SWIFT_VERSION = 5.0;
				TEST_HOST = "$(BUILT_PRODUCTS_DIR)/Task Manager.app/$(BUNDLE_EXECUTABLE_FOLDER_PATH)/Task Manager";
			};
			name = Release;
		};
		2199F9A62F8ADC750017FB4F /* Debug */ = {
			isa = XCBuildConfiguration;
			buildSettings = {
				CODE_SIGN_STYLE = Automatic;
				CURRENT_PROJECT_VERSION = 1;
				GENERATE_INFOPLIST_FILE = YES;
				MARKETING_VERSION = 1.0;
				PRODUCT_BUNDLE_IDENTIFIER = "raalquicer-up.edu.ph.Task-ManagerUITests";
				PRODUCT_NAME = "$(TARGET_NAME)";
				SWIFT_EMIT_LOC_STRINGS = NO;
				SWIFT_VERSION = 5.0;
				TEST_TARGET_NAME = "Task Manager";
			};
			name = Debug;
		};
		2199F9A72F8ADC750017FB4F /* Release */ = {
			isa = XCBuildConfiguration;
			buildSettings = {
				CODE_SIGN_STYLE = Automatic;
				CURRENT_PROJECT_VERSION = 1;
				GENERATE_INFOPLIST_FILE = YES;
				MARKETING_VERSION = 1.0;
				PRODUCT_BUNDLE_IDENTIFIER = "raalquicer-up.edu.ph.Task-ManagerUITests";
				PRODUCT_NAME = "$(TARGET_NAME)";
				SWIFT_EMIT_LOC_STRINGS = NO;
				SWIFT_VERSION = 5.0;
				TEST_TARGET_NAME = "Task Manager";
			};
			name = Release;
		};
/* End XCBuildConfiguration section */

/* Begin XCConfigurationList section */
		2199F9752F8ADC720017FB4F /* Build configuration list for PBXProject "Task Manager" */ = {
			isa = XCConfigurationList;
			buildConfigurations = (
				2199F99D2F8ADC750017FB4F /* Debug */,
				2199F99E2F8ADC750017FB4F /* Release */,
			);
			defaultConfigurationIsVisible = 0;
			defaultConfigurationName = Release;
		};
		2199F99F2F8ADC750017FB4F /* Build configuration list for PBXNativeTarget "Task Manager" */ = {
			isa = XCConfigurationList;
			buildConfigurations = (
				2199F9A02F8ADC750017FB4F /* Debug */,
				2199F9A12F8ADC750017FB4F /* Release */,
			);
			defaultConfigurationIsVisible = 0;
			defaultConfigurationName = Release;
		};
		2199F9A22F8ADC750017FB4F /* Build configuration list for PBXNativeTarget "Task ManagerTests" */ = {
			isa = XCConfigurationList;
			buildConfigurations = (
				2199F9A32F8ADC750017FB4F /* Debug */,
				2199F9A42F8ADC750017FB4F /* Release */,
			);
			defaultConfigurationIsVisible = 0;
			defaultConfigurationName = Release;
		};
		2199F9A52F8ADC750017FB4F /* Build configuration list for PBXNativeTarget "Task ManagerUITests" */ = {
			isa = XCConfigurationList;
			buildConfigurations = (
				2199F9A62F8ADC750017FB4F /* Debug */,
				2199F9A72F8ADC750017FB4F /* Release */,
			);
			defaultConfigurationIsVisible = 0;
			defaultConfigurationName = Release;
		};
/* End XCConfigurationList section */
	};
	rootObject = 2199F9722F8ADC720017FB4F /* Project object */;
}
